// !$*UTF8*$!
{
	archiveVersion = 1;
	classes = {
	};
	objectVersion = 50;
	objects = {

/* Begin PBXBuildFile section */
		735DFBD722E7E3C80002D695 /* AppDelegate.swift in Sources */ = {isa = PBXBuildFile; fileRef = 735DFBD622E7E3C80002D695 /* AppDelegate.swift */; };
		735DFBD922E7E3C80002D695 /* ViewController.swift in Sources */ = {isa = PBXBuildFile; fileRef = 735DFBD822E7E3C80002D695 /* ViewController.swift */; };
		735DFBDC22E7E3C80002D695 /* Main.storyboard in Resources */ = {isa = PBXBuildFile; fileRef = 735DFBDA22E7E3C80002D695 /* Main.storyboard */; };
		735DFBDE22E7E3C90002D695 /* Assets.xcassets in Resources */ = {isa = PBXBuildFile; fileRef = 735DFBDD22E7E3C90002D695 /* Assets.xcassets */; };
		735DFBE122E7E3C90002D695 /* LaunchScreen.storyboard in Resources */ = {isa = PBXBuildFile; fileRef = 735DFBDF22E7E3C90002D695 /* LaunchScreen.storyboard */; };
		735DFBEC22E7E3C90002D695 /* TestingDangerAppTests.swift in Sources */ = {isa = PBXBuildFile; fileRef = 735DFBEB22E7E3C90002D695 /* TestingDangerAppTests.swift */; };
		735DFBF722E7E3C90002D695 /* TestingDangerAppUITests.swift in Sources */ = {isa = PBXBuildFile; fileRef = 735DFBF622E7E3C90002D695 /* TestingDangerAppUITests.swift */; };
/* End PBXBuildFile section */

/* Begin PBXContainerItemProxy section */
		735DFBE822E7E3C90002D695 /* PBXContainerItemProxy */ = {
			isa = PBXContainerItemProxy;
			containerPortal = 735DFBCB22E7E3C80002D695 /* Project object */;
			proxyType = 1;
			remoteGlobalIDString = 735DFBD222E7E3C80002D695;
			remoteInfo = TestingDangerApp;
		};
		735DFBF322E7E3C90002D695 /* PBXContainerItemProxy */ = {
			isa = PBXContainerItemProxy;
			containerPortal = 735DFBCB22E7E3C80002D695 /* Project object */;
			proxyType = 1;
			remoteGlobalIDString = 735DFBD222E7E3C80002D695;
			remoteInfo = TestingDangerApp;
		};
/* End PBXContainerItemProxy section */

/* Begin PBXFileReference section */
		735DFBD322E7E3C80002D695 /* TestingDangerApp.app */ = {isa = PBXFileReference; explicitFileType = wrapper.application; includeInIndex = 0; path = TestingDangerApp.app; sourceTree = BUILT_PRODUCTS_DIR; };
		735DFBD622E7E3C80002D695 /* AppDelegate.swift */ = {isa = PBXFileReference; lastKnownFileType = sourcecode.swift; path = AppDelegate.swift; sourceTree = "<group>"; };
		735DFBD822E7E3C80002D695 /* ViewController.swift */ = {isa = PBXFileReference; lastKnownFileType = sourcecode.swift; path = ViewController.swift; sourceTree = "<group>"; };
		735DFBDB22E7E3C80002D695 /* Base */ = {isa = PBXFileReference; lastKnownFileType = file.storyboard; name = Base; path = Base.lproj/Main.storyboard; sourceTree = "<group>"; };
		735DFBDD22E7E3C90002D695 /* Assets.xcassets */ = {isa = PBXFileReference; lastKnownFileType = folder.assetcatalog; path = Assets.xcassets; sourceTree = "<group>"; };
		735DFBE022E7E3C90002D695 /* Base */ = {isa = PBXFileReference; lastKnownFileType = file.storyboard; name = Base; path = Base.lproj/LaunchScreen.storyboard; sourceTree = "<group>"; };
		735DFBE222E7E3C90002D695 /* Info.plist */ = {isa = PBXFileReference; lastKnownFileType = text.plist.xml; path = Info.plist; sourceTree = "<group>"; };
		735DFBE722E7E3C90002D695 /* TestingDangerAppTests.xctest */ = {isa = PBXFileReference; explicitFileType = wrapper.cfbundle; includeInIndex = 0; path = TestingDangerAppTests.xctest; sourceTree = BUILT_PRODUCTS_DIR; };
		735DFBEB22E7E3C90002D695 /* TestingDangerAppTests.swift */ = {isa = PBXFileReference; lastKnownFileType = sourcecode.swift; path = TestingDangerAppTests.swift; sourceTree = "<group>"; };
		735DFBED22E7E3C90002D695 /* Info.plist */ = {isa = PBXFileReference; lastKnownFileType = text.plist.xml; path = Info.plist; sourceTree = "<group>"; };
		735DFBF222E7E3C90002D695 /* TestingDangerAppUITests.xctest */ = {isa = PBXFileReference; explicitFileType = wrapper.cfbundle; includeInIndex = 0; path = TestingDangerAppUITests.xctest; sourceTree = BUILT_PRODUCTS_DIR; };
		735DFBF622E7E3C90002D695 /* TestingDangerAppUITests.swift */ = {isa = PBXFileReference; lastKnownFileType = sourcecode.swift; path = TestingDangerAppUITests.swift; sourceTree = "<group>"; };
		735DFBF822E7E3C90002D695 /* Info.plist */ = {isa = PBXFileReference; lastKnownFileType = text.plist.xml; path = Info.plist; sourceTree = "<group>"; };
/* End PBXFileReference section */

/* Begin PBXFrameworksBuildPhase section */
		735DFBD022E7E3C80002D695 /* Frameworks */ = {
			isa = PBXFrameworksBuildPhase;
			buildActionMask = 2147483647;
			files = (
			);
			runOnlyForDeploymentPostprocessing = 0;
		};
		735DFBE422E7E3C90002D695 /* Frameworks */ = {
			isa = PBXFrameworksBuildPhase;
			buildActionMask = 2147483647;
			files = (
			);
			runOnlyForDeploymentPostprocessing = 0;
		};
		735DFBEF22E7E3C90002D695 /* Frameworks */ = {
			isa = PBXFrameworksBuildPhase;
			buildActionMask = 2147483647;
			files = (
			);
			runOnlyForDeploymentPostprocessing = 0;
		};
/* End PBXFrameworksBuildPhase section */

/* Begin PBXGroup section */
		735DFBCA22E7E3C80002D695 = {
			isa = PBXGroup;
			children = (
				735DFBD522E7E3C80002D695 /* TestingDangerApp */,
				735DFBEA22E7E3C90002D695 /* TestingDangerAppTests */,
				735DFBF522E7E3C90002D695 /* TestingDangerAppUITests */,
				735DFBD422E7E3C80002D695 /* Products */,
			);
			sourceTree = "<group>";
		};
		735DFBD422E7E3C80002D695 /* Products */ = {
			isa = PBXGroup;
			children = (
				735DFBD322E7E3C80002D695 /* TestingDangerApp.app */,
				735DFBE722E7E3C90002D695 /* TestingDangerAppTests.xctest */,
				735DFBF222E7E3C90002D695 /* TestingDangerAppUITests.xctest */,
			);
			name = Products;
			sourceTree = "<group>";
		};
		735DFBD522E7E3C80002D695 /* TestingDangerApp */ = {
			isa = PBXGroup;
			children = (
				735DFBD622E7E3C80002D695 /* AppDelegate.swift */,
				735DFBD822E7E3C80002D695 /* ViewController.swift */,
				735DFBDA22E7E3C80002D695 /* Main.storyboard */,
				735DFBDD22E7E3C90002D695 /* Assets.xcassets */,
				735DFBDF22E7E3C90002D695 /* LaunchScreen.storyboard */,
				735DFBE222E7E3C90002D695 /* Info.plist */,
			);
			path = TestingDangerApp;
			sourceTree = "<group>";
		};
		735DFBEA22E7E3C90002D695 /* TestingDangerAppTests */ = {
			isa = PBXGroup;
			children = (
				735DFBEB22E7E3C90002D695 /* TestingDangerAppTests.swift */,
				735DFBED22E7E3C90002D695 /* Info.plist */,
			);
			path = TestingDangerAppTests;
			sourceTree = "<group>";
		};
		735DFBF522E7E3C90002D695 /* TestingDangerAppUITests */ = {
			isa = PBXGroup;
			children = (
				735DFBF622E7E3C90002D695 /* TestingDangerAppUITests.swift */,
				735DFBF822E7E3C90002D695 /* Info.plist */,
			);
			path = TestingDangerAppUITests;
			sourceTree = "<group>";
		};
/* End PBXGroup section */

/* Begin PBXNativeTarget section */
		735DFBD222E7E3C80002D695 /* TestingDangerApp */ = {
			isa = PBXNativeTarget;
			buildConfigurationList = 735DFBFB22E7E3C90002D695 /* Build configuration list for PBXNativeTarget "TestingDangerApp" */;
			buildPhases = (
				735DFBCF22E7E3C80002D695 /* Sources */,
				735DFBD022E7E3C80002D695 /* Frameworks */,
				735DFBD122E7E3C80002D695 /* Resources */,
			);
			buildRules = (
			);
			dependencies = (
			);
			name = TestingDangerApp;
			productName = TestingDangerApp;
			productReference = 735DFBD322E7E3C80002D695 /* TestingDangerApp.app */;
			productType = "com.apple.product-type.application";
		};
		735DFBE622E7E3C90002D695 /* TestingDangerAppTests */ = {
			isa = PBXNativeTarget;
			buildConfigurationList = 735DFBFE22E7E3C90002D695 /* Build configuration list for PBXNativeTarget "TestingDangerAppTests" */;
			buildPhases = (
				735DFBE322E7E3C90002D695 /* Sources */,
				735DFBE422E7E3C90002D695 /* Frameworks */,
				735DFBE522E7E3C90002D695 /* Resources */,
			);
			buildRules = (
			);
			dependencies = (
				735DFBE922E7E3C90002D695 /* PBXTargetDependency */,
			);
			name = TestingDangerAppTests;
			productName = TestingDangerAppTests;
			productReference = 735DFBE722E7E3C90002D695 /* TestingDangerAppTests.xctest */;
			productType = "com.apple.product-type.bundle.unit-test";
		};
		735DFBF122E7E3C90002D695 /* TestingDangerAppUITests */ = {
			isa = PBXNativeTarget;
			buildConfigurationList = 735DFC0122E7E3C90002D695 /* Build configuration list for PBXNativeTarget "TestingDangerAppUITests" */;
			buildPhases = (
				735DFBEE22E7E3C90002D695 /* Sources */,
				735DFBEF22E7E3C90002D695 /* Frameworks */,
				735DFBF022E7E3C90002D695 /* Resources */,
			);
			buildRules = (
			);
			dependencies = (
				735DFBF422E7E3C90002D695 /* PBXTargetDependency */,
			);
			name = TestingDangerAppUITests;
			productName = TestingDangerAppUITests;
			productReference = 735DFBF222E7E3C90002D695 /* TestingDangerAppUITests.xctest */;
			productType = "com.apple.product-type.bundle.ui-testing";
		};
/* End PBXNativeTarget section */

/* Begin PBXProject section */
		735DFBCB22E7E3C80002D695 /* Project object */ = {
			isa = PBXProject;
			attributes = {
				LastSwiftUpdateCheck = 1020;
				LastUpgradeCheck = 1020;
				ORGANIZATIONNAME = "PicPay Eduardo";
				TargetAttributes = {
					735DFBD222E7E3C80002D695 = {
						CreatedOnToolsVersion = 10.2.1;
					};
					735DFBE622E7E3C90002D695 = {
						CreatedOnToolsVersion = 10.2.1;
						TestTargetID = 735DFBD222E7E3C80002D695;
					};
					735DFBF122E7E3C90002D695 = {
						CreatedOnToolsVersion = 10.2.1;
						TestTargetID = 735DFBD222E7E3C80002D695;
					};
				};
			};
			buildConfigurationList = 735DFBCE22E7E3C80002D695 /* Build configuration list for PBXProject "TestingDangerApp" */;
			compatibilityVersion = "Xcode 9.3";
			developmentRegion = en;
			hasScannedForEncodings = 0;
			knownRegions = (
				en,
				Base,
			);
			mainGroup = 735DFBCA22E7E3C80002D695;
			productRefGroup = 735DFBD422E7E3C80002D695 /* Products */;
			projectDirPath = "";
			projectRoot = "";
			targets = (
				735DFBD222E7E3C80002D695 /* TestingDangerApp */,
				735DFBE622E7E3C90002D695 /* TestingDangerAppTests */,
				735DFBF122E7E3C90002D695 /* TestingDangerAppUITests */,
			);
		};
/* End PBXProject section */

/* Begin PBXResourcesBuildPhase section */
		735DFBD122E7E3C80002D695 /* Resources */ = {
			isa = PBXResourcesBuildPhase;
			buildActionMask = 2147483647;
			files = (
				735DFBE122E7E3C90002D695 /* LaunchScreen.storyboard in Resources */,
				735DFBDE22E7E3C90002D695 /* Assets.xcassets in Resources */,
				735DFBDC22E7E3C80002D695 /* Main.storyboard in Resources */,
			);
			runOnlyForDeploymentPostprocessing = 0;
		};
		735DFBE522E7E3C90002D695 /* Resources */ = {
			isa = PBXResourcesBuildPhase;
			buildActionMask = 2147483647;
			files = (
			);
			runOnlyForDeploymentPostprocessing = 0;
		};
		735DFBF022E7E3C90002D695 /* Resources */ = {
			isa = PBXResourcesBuildPhase;
			buildActionMask = 2147483647;
			files = (
			);
			runOnlyForDeploymentPostprocessing = 0;
		};
/* End PBXResourcesBuildPhase section */

/* Begin PBXSourcesBuildPhase section */
		735DFBCF22E7E3C80002D695 /* Sources */ = {
			isa = PBXSourcesBuildPhase;
			buildActionMask = 2147483647;
			files = (
				735DFBD922E7E3C80002D695 /* ViewController.swift in Sources */,
				735DFBD722E7E3C80002D695 /* AppDelegate.swift in Sources */,
			);
			runOnlyForDeploymentPostprocessing = 0;
		};
		735DFBE322E7E3C90002D695 /* Sources */ = {
			isa = PBXSourcesBuildPhase;
			buildActionMask = 2147483647;
			files = (
				735DFBEC22E7E3C90002D695 /* TestingDangerAppTests.swift in Sources */,
			);
			runOnlyForDeploymentPostprocessing = 0;
		};
		735DFBEE22E7E3C90002D695 /* Sources */ = {
			isa = PBXSourcesBuildPhase;
			buildActionMask = 2147483647;
			files = (
				735DFBF722E7E3C90002D695 /* TestingDangerAppUITests.swift in Sources */,
			);
			runOnlyForDeploymentPostprocessing = 0;
		};
/* End PBXSourcesBuildPhase section */

/* Begin PBXTargetDependency section */
		735DFBE922E7E3C90002D695 /* PBXTargetDependency */ = {
			isa = PBXTargetDependency;
			target = 735DFBD222E7E3C80002D695 /* TestingDangerApp */;
			targetProxy = 735DFBE822E7E3C90002D695 /* PBXContainerItemProxy */;
		};
		735DFBF422E7E3C90002D695 /* PBXTargetDependency */ = {
			isa = PBXTargetDependency;
			target = 735DFBD222E7E3C80002D695 /* TestingDangerApp */;
			targetProxy = 735DFBF322E7E3C90002D695 /* PBXContainerItemProxy */;
		};
/* End PBXTargetDependency section */

/* Begin PBXVariantGroup section */
		735DFBDA22E7E3C80002D695 /* Main.storyboard */ = {
			isa = PBXVariantGroup;
			children = (
				735DFBDB22E7E3C80002D695 /* Base */,
			);
			name = Main.storyboard;
			sourceTree = "<group>";
		};
		735DFBDF22E7E3C90002D695 /* LaunchScreen.storyboard */ = {
			isa = PBXVariantGroup;
			children = (
				735DFBE022E7E3C90002D695 /* Base */,
			);
			name = LaunchScreen.storyboard;
			sourceTree = "<group>";
		};
/* End PBXVariantGroup section */

/* Begin XCBuildConfiguration section */
		735DFBF922E7E3C90002D695 /* Debug */ = {
			isa = XCBuildConfiguration;
			buildSettings = {
				ALWAYS_SEARCH_USER_PATHS = NO;
				CLANG_ANALYZER_NONNULL = YES;
				CLANG_ANALYZER_NUMBER_OBJECT_CONVERSION = YES_AGGRESSIVE;
				CLANG_CXX_LANGUAGE_STANDARD = "gnu++14";
				CLANG_CXX_LIBRARY = "libc++";
				CLANG_ENABLE_MODULES = YES;
				CLANG_ENABLE_OBJC_ARC = YES;
				CLANG_ENABLE_OBJC_WEAK = YES;
				CLANG_WARN_BLOCK_CAPTURE_AUTORELEASING = YES;
				CLANG_WARN_BOOL_CONVERSION = YES;
				CLANG_WARN_COMMA = YES;
				CLANG_WARN_CONSTANT_CONVERSION = YES;
				CLANG_WARN_DEPRECATED_OBJC_IMPLEMENTATIONS = YES;
				CLANG_WARN_DIRECT_OBJC_ISA_USAGE = YES_ERROR;
				CLANG_WARN_DOCUMENTATION_COMMENTS = YES;
				CLANG_WARN_EMPTY_BODY = YES;
				CLANG_WARN_ENUM_CONVERSION = YES;
				CLANG_WARN_INFINITE_RECURSION = YES;
				CLANG_WARN_INT_CONVERSION = YES;
				CLANG_WARN_NON_LITERAL_NULL_CONVERSION = YES;
				CLANG_WARN_OBJC_IMPLICIT_RETAIN_SELF = YES;
				CLANG_WARN_OBJC_LITERAL_CONVERSION = YES;
				CLANG_WARN_OBJC_ROOT_CLASS = YES_ERROR;
				CLANG_WARN_RANGE_LOOP_ANALYSIS = YES;
				CLANG_WARN_STRICT_PROTOTYPES = YES;
				CLANG_WARN_SUSPICIOUS_MOVE = YES;
				CLANG_WARN_UNGUARDED_AVAILABILITY = YES_AGGRESSIVE;
				CLANG_WARN_UNREACHABLE_CODE = YES;
				CLANG_WARN__DUPLICATE_METHOD_MATCH = YES;
				CODE_SIGN_IDENTITY = "iPhone Developer";
				COPY_PHASE_STRIP = NO;
				DEBUG_INFORMATION_FORMAT = dwarf;
				ENABLE_STRICT_OBJC_MSGSEND = YES;
				ENABLE_TESTABILITY = YES;
				GCC_C_LANGUAGE_STANDARD = gnu11;
				GCC_DYNAMIC_NO_PIC = NO;
				GCC_NO_COMMON_BLOCKS = YES;
				GCC_OPTIMIZATION_LEVEL = 0;
				GCC_PREPROCESSOR_DEFINITIONS = (
					"DEBUG=1",
					"$(inherited)",
				);
				GCC_WARN_64_TO_32_BIT_CONVERSION = YES;
				GCC_WARN_ABOUT_RETURN_TYPE = YES_ERROR;
				GCC_WARN_UNDECLARED_SELECTOR = YES;
				GCC_WARN_UNINITIALIZED_AUTOS = YES_AGGRESSIVE;
				GCC_WARN_UNUSED_FUNCTION = YES;
				GCC_WARN_UNUSED_VARIABLE = YES;
				IPHONEOS_DEPLOYMENT_TARGET = 12.2;
				MTL_ENABLE_DEBUG_INFO = INCLUDE_SOURCE;
				MTL_FAST_MATH = YES;
				ONLY_ACTIVE_ARCH = YES;
				SDKROOT = iphoneos;
				SWIFT_ACTIVE_COMPILATION_CONDITIONS = DEBUG;
				SWIFT_OPTIMIZATION_LEVEL = "-Onone";
			};
			name = Debug;
		};
		735DFBFA22E7E3C90002D695 /* Release */ = {
			isa = XCBuildConfiguration;
			buildSettings = {
				ALWAYS_SEARCH_USER_PATHS = NO;
				CLANG_ANALYZER_NONNULL = YES;
				CLANG_ANALYZER_NUMBER_OBJECT_CONVERSION = YES_AGGRESSIVE;
				CLANG_CXX_LANGUAGE_STANDARD = "gnu++14";
				CLANG_CXX_LIBRARY = "libc++";
				CLANG_ENABLE_MODULES = YES;
				CLANG_ENABLE_OBJC_ARC = YES;
				CLANG_ENABLE_OBJC_WEAK = YES;
				CLANG_WARN_BLOCK_CAPTURE_AUTORELEASING = YES;
				CLANG_WARN_BOOL_CONVERSION = YES;
				CLANG_WARN_COMMA = YES;
				CLANG_WARN_CONSTANT_CONVERSION = YES;
				CLANG_WARN_DEPRECATED_OBJC_IMPLEMENTATIONS = YES;
				CLANG_WARN_DIRECT_OBJC_ISA_USAGE = YES_ERROR;
				CLANG_WARN_DOCUMENTATION_COMMENTS = YES;
				CLANG_WARN_EMPTY_BODY = YES;
				CLANG_WARN_ENUM_CONVERSION = YES;
				CLANG_WARN_INFINITE_RECURSION = YES;
				CLANG_WARN_INT_CONVERSION = YES;
				CLANG_WARN_NON_LITERAL_NULL_CONVERSION = YES;
				CLANG_WARN_OBJC_IMPLICIT_RETAIN_SELF = YES;
				CLANG_WARN_OBJC_LITERAL_CONVERSION = YES;
				CLANG_WARN_OBJC_ROOT_CLASS = YES_ERROR;
				CLANG_WARN_RANGE_LOOP_ANALYSIS = YES;
				CLANG_WARN_STRICT_PROTOTYPES = YES;
				CLANG_WARN_SUSPICIOUS_MOVE = YES;
				CLANG_WARN_UNGUARDED_AVAILABILITY = YES_AGGRESSIVE;
				CLANG_WARN_UNREACHABLE_CODE = YES;
				CLANG_WARN__DUPLICATE_METHOD_MATCH = YES;
				CODE_SIGN_IDENTITY = "iPhone Developer";
				COPY_PHASE_STRIP = NO;
				DEBUG_INFORMATION_FORMAT = "dwarf-with-dsym";
				ENABLE_NS_ASSERTIONS = NO;
				ENABLE_STRICT_OBJC_MSGSEND = YES;
				GCC_C_LANGUAGE_STANDARD = gnu11;
				GCC_NO_COMMON_BLOCKS = YES;
				GCC_WARN_64_TO_32_BIT_CONVERSION = YES;
				GCC_WARN_ABOUT_RETURN_TYPE = YES_ERROR;
				GCC_WARN_UNDECLARED_SELECTOR = YES;
				GCC_WARN_UNINITIALIZED_AUTOS = YES_AGGRESSIVE;
				GCC_WARN_UNUSED_FUNCTION = YES;
				GCC_WARN_UNUSED_VARIABLE = YES;
				IPHONEOS_DEPLOYMENT_TARGET = 12.2;
				MTL_ENABLE_DEBUG_INFO = NO;
				MTL_FAST_MATH = YES;
				SDKROOT = iphoneos;
				SWIFT_COMPILATION_MODE = wholemodule;
				SWIFT_OPTIMIZATION_LEVEL = "-O";
				VALIDATE_PRODUCT = YES;
			};
			name = Release;
		};
		735DFBFC22E7E3C90002D695 /* Debug */ = {
			isa = XCBuildConfiguration;
			buildSettings = {
				ASSETCATALOG_COMPILER_APPICON_NAME = AppIcon;
				CODE_SIGN_STYLE = Automatic;
				DEVELOPMENT_TEAM = X3HXSPK27L;
				INFOPLIST_FILE = TestingDangerApp/Info.plist;
				LD_RUNPATH_SEARCH_PATHS = (
					"$(inherited)",
					"@executable_path/Frameworks",
				);
				PRODUCT_BUNDLE_IDENTIFIER = com.private.eduardo.TestingDangerApp;
				PRODUCT_NAME = "$(TARGET_NAME)";
				SWIFT_VERSION = 5.0;
				TARGETED_DEVICE_FAMILY = "1,2";
			};
			name = Debug;
		};
		735DFBFD22E7E3C90002D695 /* Release */ = {
			isa = XCBuildConfiguration;
			buildSettings = {
				ASSETCATALOG_COMPILER_APPICON_NAME = AppIcon;
				CODE_SIGN_STYLE = Automatic;
				DEVELOPMENT_TEAM = X3HXSPK27L;
				INFOPLIST_FILE = TestingDangerApp/Info.plist;
				LD_RUNPATH_SEARCH_PATHS = (
					"$(inherited)",
					"@executable_path/Frameworks",
				);
				PRODUCT_BUNDLE_IDENTIFIER = com.private.eduardo.TestingDangerApp;
				PRODUCT_NAME = "$(TARGET_NAME)";
				SWIFT_VERSION = 5.0;
				TARGETED_DEVICE_FAMILY = "1,2";
			};
			name = Release;
		};
		735DFBFF22E7E3C90002D695 /* Debug */ = {
			isa = XCBuildConfiguration;
			buildSettings = {
				ALWAYS_EMBED_SWIFT_STANDARD_LIBRARIES = YES;
				BUNDLE_LOADER = "$(TEST_HOST)";
				CODE_SIGN_STYLE = Automatic;
				DEVELOPMENT_TEAM = X3HXSPK27L;
				INFOPLIST_FILE = TestingDangerAppTests/Info.plist;
				LD_RUNPATH_SEARCH_PATHS = (
					"$(inherited)",
					"@executable_path/Frameworks",
					"@loader_path/Frameworks",
				);
				PRODUCT_BUNDLE_IDENTIFIER = com.private.eduardo.TestingDangerAppTests;
				PRODUCT_NAME = "$(TARGET_NAME)";
				SWIFT_VERSION = 5.0;
				TARGETED_DEVICE_FAMILY = "1,2";
				TEST_HOST = "$(BUILT_PRODUCTS_DIR)/TestingDangerApp.app/TestingDangerApp";
			};
			name = Debug;
		};
		735DFC0022E7E3C90002D695 /* Release */ = {
			isa = XCBuildConfiguration;
			buildSettings = {
				ALWAYS_EMBED_SWIFT_STANDARD_LIBRARIES = YES;
				BUNDLE_LOADER = "$(TEST_HOST)";
				CODE_SIGN_STYLE = Automatic;
				DEVELOPMENT_TEAM = X3HXSPK27L;
				INFOPLIST_FILE = TestingDangerAppTests/Info.plist;
				LD_RUNPATH_SEARCH_PATHS = (
					"$(inherited)",
					"@executable_path/Frameworks",
					"@loader_path/Frameworks",
				);
				PRODUCT_BUNDLE_IDENTIFIER = com.private.eduardo.TestingDangerAppTests;
				PRODUCT_NAME = "$(TARGET_NAME)";
				SWIFT_VERSION = 5.0;
				TARGETED_DEVICE_FAMILY = "1,2";
				TEST_HOST = "$(BUILT_PRODUCTS_DIR)/TestingDangerApp.app/TestingDangerApp";
			};
			name = Release;
		};
		735DFC0222E7E3C90002D695 /* Debug */ = {
			isa = XCBuildConfiguration;
			buildSettings = {
				ALWAYS_EMBED_SWIFT_STANDARD_LIBRARIES = YES;
				CODE_SIGN_STYLE = Automatic;
				DEVELOPMENT_TEAM = X3HXSPK27L;
				INFOPLIST_FILE = TestingDangerAppUITests/Info.plist;
				LD_RUNPATH_SEARCH_PATHS = (
					"$(inherited)",
					"@executable_path/Frameworks",
					"@loader_path/Frameworks",
				);
				PRODUCT_BUNDLE_IDENTIFIER = com.private.eduardo.TestingDangerAppUITests;
				PRODUCT_NAME = "$(TARGET_NAME)";
				SWIFT_VERSION = 5.0;
				TARGETED_DEVICE_FAMILY = "1,2";
				TEST_TARGET_NAME = TestingDangerApp;
			};
			name = Debug;
		};
		735DFC0322E7E3C90002D695 /* Release */ = {
			isa = XCBuildConfiguration;
			buildSettings = {
				ALWAYS_EMBED_SWIFT_STANDARD_LIBRARIES = YES;
				CODE_SIGN_STYLE = Automatic;
				DEVELOPMENT_TEAM = X3HXSPK27L;
				INFOPLIST_FILE = TestingDangerAppUITests/Info.plist;
				LD_RUNPATH_SEARCH_PATHS = (
					"$(inherited)",
					"@executable_path/Frameworks",
					"@loader_path/Frameworks",
				);
				PRODUCT_BUNDLE_IDENTIFIER = com.private.eduardo.TestingDangerAppUITests;
				PRODUCT_NAME = "$(TARGET_NAME)";
				SWIFT_VERSION = 5.0;
				TARGETED_DEVICE_FAMILY = "1,2";
				TEST_TARGET_NAME = TestingDangerApp;
			};
			name = Release;
		};
/* End XCBuildConfiguration section */

/* Begin XCConfigurationList section */
		735DFBCE22E7E3C80002D695 /* Build configuration list for PBXProject "TestingDangerApp" */ = {
			isa = XCConfigurationList;
			buildConfigurations = (
				735DFBF922E7E3C90002D695 /* Debug */,
				735DFBFA22E7E3C90002D695 /* Release */,
			);
			defaultConfigurationIsVisible = 0;
			defaultConfigurationName = Release;
		};
		735DFBFB22E7E3C90002D695 /* Build configuration list for PBXNativeTarget "TestingDangerApp" */ = {
			isa = XCConfigurationList;
			buildConfigurations = (
				735DFBFC22E7E3C90002D695 /* Debug */,
				735DFBFD22E7E3C90002D695 /* Release */,
			);
			defaultConfigurationIsVisible = 0;
			defaultConfigurationName = Release;
		};
		735DFBFE22E7E3C90002D695 /* Build configuration list for PBXNativeTarget "TestingDangerAppTests" */ = {
			isa = XCConfigurationList;
			buildConfigurations = (
				735DFBFF22E7E3C90002D695 /* Debug */,
				735DFC0022E7E3C90002D695 /* Release */,
			);
			defaultConfigurationIsVisible = 0;
			defaultConfigurationName = Release;
		};
		735DFC0122E7E3C90002D695 /* Build configuration list for PBXNativeTarget "TestingDangerAppUITests" */ = {
			isa = XCConfigurationList;
			buildConfigurations = (
				735DFC0222E7E3C90002D695 /* Debug */,
				735DFC0322E7E3C90002D695 /* Release */,
			);
			defaultConfigurationIsVisible = 0;
			defaultConfigurationName = Release;
		};
/* End XCConfigurationList section */
	};
	rootObject = 735DFBCB22E7E3C80002D695 /* Project object */;
}
